{
  "version": "3",
  "remote": {
    "https://deno.land/x/og_edge@0.0.6/emoji.ts": "8571b6fcd5e425f58040e667f935c2fc7b8cf86f3570c81653be2c2ab8f6d046",
    "https://deno.land/x/og_edge@0.0.6/mod.ts": "a738261717d5d35e4270a9b22d9a4bb82cfb719a6d2325c75b2945d3d08f73d5",
    "https://esm.sh/@resvg/resvg-wasm@2.0.0-alpha.4": "2228f9e22536353a961355a045aa2dc1d7c37ab612448322075ae120cbf1955e",
    "https://esm.sh/react@18.2.0/jsx-runtime": "914a55a07c388d345c5a0c11616ee5282242e8b8dfd0d505b83500ea04fd9870",
    "https://esm.sh/satori@0.4.0/wasm": "49e80a24dbb29f0f8f520e5ef53ba8a70cead2de519a3081935fe080ff44a672",
    "https://esm.sh/stable/react@18.2.0/denonext/jsx-runtime.js": "54d8a51c6ca025380abd2d5302e4a9b38ff835d9759c4657e52314f587eaf6bf",
    "https://esm.sh/stable/react@18.2.0/denonext/react.mjs": "3c4f23bcfc53b256fcfaf6f834fa9f584c3bb7be667b2682c6cb6ba8ef88f8e6",
    "https://esm.sh/v135/@resvg/resvg-wasm@2.0.0-alpha.4/denonext/resvg-wasm.mjs": "3fa826b8790eeea38da20260a26abf6d4cb2c889ac03c89db4496dcb9bd885d6",
    "https://esm.sh/v135/@shuding/opentype.js@1.4.0-beta.0/denonext/opentype.mjs": "83a96319a889e45c88e1d7bb370a87c5db4b1a401279a7de642f7d489d30a0ee",
    "https://esm.sh/v135/base64-js@0.0.8/denonext/base64-js.mjs": "33fff8859bab5c840436ead1e14082f8a0490763e1cbf177d46abf57287ad943",
    "https://esm.sh/v135/camelize@1.0.1/denonext/camelize.mjs": "2267a92f6a41e681646e3cf4014829df7643070ef525de6fb2a432e70dfcf211",
    "https://esm.sh/v135/css-background-parser@0.1.0/denonext/css-background-parser.mjs": "8bcaf3c95ddd47e9cf8f45ca088cbb42f5a56bb1b2a0a1d04c647e07d5bc2f38",
    "https://esm.sh/v135/css-box-shadow@1.0.0-3/denonext/css-box-shadow.mjs": "d63628e169469210e23b6b84107526e4e9fe7e086163dd7f0cbbb3a2a57b1a56",
    "https://esm.sh/v135/css-color-keywords@1.0.0/denonext/css-color-keywords.mjs": "751fa4992522b9acd404c6fc5df295e34eec8fde87b584173c249868eae39952",
    "https://esm.sh/v135/css-to-react-native@3.2.0/denonext/css-to-react-native.mjs": "fb3b92311bab404d573f64f31b5514ded6cea549948f91a5df40849f1da82847",
    "https://esm.sh/v135/emoji-regex@10.3.0/denonext/emoji-regex.mjs": "dbcbeedb11c27180edb688fb84871701bd5fa12a85be678601bf597ab34368b9",
    "https://esm.sh/v135/linebreak@1.1.0/denonext/linebreak.mjs": "92506ad05c1bf348fe57a34cbf3caaacdeea76d104966d93176c88d7a3a23527",
    "https://esm.sh/v135/postcss-value-parser@4.2.0/denonext/postcss-value-parser.mjs": "0873445cb149a5a1d815b526f77a989991ee196cbbc578c508f44c9974d7505c",
    "https://esm.sh/v135/satori@0.4.0/denonext/wasm.js": "a3c36815d9e208bc0df27273b11dbb0587af06415e4fd5afc8c2eaa138b1729d",
    "https://esm.sh/v135/tiny-inflate@1.0.3/denonext/tiny-inflate.mjs": "b05e99b89711075c2b4b7858168f116704186a74f15b49a33cd9f637af4310ac",
    "https://esm.sh/v135/unicode-trie@2.0.0/denonext/unicode-trie.mjs": "1eed05d57f1f6d380eb8349a5cabdeaafec68b86c762a5fd762a9ac3ff3138d0",
    "https://esm.sh/v135/yoga-wasm-web@0.3.0/denonext/yoga-wasm-web.mjs": "634f6eaa8c0631a4885c0a04f438e28fd1e5cd80da6fc02e5e2df00e503400c8",
    "https://esm.sh/yoga-wasm-web@0.3.0": "f566dfa1099e332d826b179087bd8975fbeab4fb770d78a25d5c98afadb3f053"
  }
}
